
Microsoft Visual Studio Solution File, Format Version 12.00
# Visual Studio Version 17
VisualStudioVersion = 17.3.32922.545
MinimumVisualStudioVersion = 10.0.40219.1
Project("{FAE04EC0-301F-11D3-BF4B-00C04F79EFBC}") = "Memorama", "Memorama\Memorama.csproj", "{C9572867-7EC8-4C56-816B-41F0EA2027D0}"
EndProject
Global
	GlobalSection(SolutionConfigurationPlatforms) = preSolution
		Debug|Any CPU = Debug|Any CPU
		Release|Any CPU = Release|Any CPU
	EndGlobalSection
	GlobalSection(ProjectConfigurationPlatforms) = postSolution
		{C9572867-7EC8-4C56-816B-41F0EA2027D0}.Debug|Any CPU.ActiveCfg = Debug|Any CPU
		{C9572867-7EC8-4C56-816B-41F0EA2027D0}.Debug|Any CPU.Build.0 = Debug|Any CPU
		{C9572867-7EC8-4C56-816B-41F0EA2027D0}.Release|Any CPU.ActiveCfg = Release|Any CPU
		{C9572867-7EC8-4C56-816B-41F0EA2027D0}.Release|Any CPU.Build.0 = Release|Any CPU
	EndGlobalSection
	GlobalSection(SolutionProperties) = preSolution
		HideSolutionNode = FALSE
	EndGlobalSection
	GlobalSection(ExtensibilityGlobals) = postSolution
		SolutionGuid = {C1041589-F89B-4B0B-B487-7175DA3A8E00}
	EndGlobalSection
EndGlobal
